
Microsoft Visual Studio Solution File, Format Version 12.00
# Visual Studio Version 17
VisualStudioVersion = 17.1.32414.318
MinimumVisualStudioVersion = 10.0.40219.1
Project("{FAE04EC0-301F-11D3-BF4B-00C04F79EFBC}") = "LogBestPractices", "LogBestPractices\LogBestPractices.csproj", "{2A017162-8741-4B44-8548-FA5135706BAF}"
EndProject
Project("{FAE04EC0-301F-11D3-BF4B-00C04F79EFBC}") = "LogBestPractices.SerilogLog", "LogBestPractices.SerilogLog\LogBestPractices.SerilogLog.csproj", "{C6C43EA6-2EF4-4C05-B7A2-CFE78158AC35}"
EndProject
Global
	GlobalSection(SolutionConfigurationPlatforms) = preSolution
		Debug|Any CPU = Debug|Any CPU
		Release|Any CPU = Release|Any CPU
	EndGlobalSection
	GlobalSection(ProjectConfigurationPlatforms) = postSolution
		{2A017162-8741-4B44-8548-FA5135706BAF}.Debug|Any CPU.ActiveCfg = Debug|Any CPU
		{2A017162-8741-4B44-8548-FA5135706BAF}.Debug|Any CPU.Build.0 = Debug|Any CPU
		{2A017162-8741-4B44-8548-FA5135706BAF}.Release|Any CPU.ActiveCfg = Release|Any CPU
		{2A017162-8741-4B44-8548-FA5135706BAF}.Release|Any CPU.Build.0 = Release|Any CPU
		{C6C43EA6-2EF4-4C05-B7A2-CFE78158AC35}.Debug|Any CPU.ActiveCfg = Debug|Any CPU
		{C6C43EA6-2EF4-4C05-B7A2-CFE78158AC35}.Debug|Any CPU.Build.0 = Debug|Any CPU
		{C6C43EA6-2EF4-4C05-B7A2-CFE78158AC35}.Release|Any CPU.ActiveCfg = Release|Any CPU
		{C6C43EA6-2EF4-4C05-B7A2-CFE78158AC35}.Release|Any CPU.Build.0 = Release|Any CPU
	EndGlobalSection
	GlobalSection(SolutionProperties) = preSolution
		HideSolutionNode = FALSE
	EndGlobalSection
	GlobalSection(ExtensibilityGlobals) = postSolution
		SolutionGuid = {BCEFAA25-7319-47E3-ABBF-191E20B786E3}
	EndGlobalSection
EndGlobal
